
Microsoft Visual Studio Solution File, Format Version 12.00
# Visual Studio Version 17
VisualStudioVersion = 17.0.32112.339
MinimumVisualStudioVersion = 10.0.40219.1
Project("{FAE04EC0-301F-11D3-BF4B-00C04F79EFBC}") = "Win11Style", "Win11Style\Win11Style.csproj", "{5391A892-651E-4E63-AB33-383B6B125845}"
EndProject
Project("{FAE04EC0-301F-11D3-BF4B-00C04F79EFBC}") = "Win11Style.Showcase", "Win11Style.Showcase\Win11Style.Showcase.csproj", "{EF305E23-5062-4355-9CF9-69D0D5E02D60}"
EndProject
Global
	GlobalSection(SolutionConfigurationPlatforms) = preSolution
		Debug|Any CPU = Debug|Any CPU
		Release|Any CPU = Release|Any CPU
	EndGlobalSection
	GlobalSection(ProjectConfigurationPlatforms) = postSolution
		{5391A892-651E-4E63-AB33-383B6B125845}.Debug|Any CPU.ActiveCfg = Debug|Any CPU
		{5391A892-651E-4E63-AB33-383B6B125845}.Debug|Any CPU.Build.0 = Debug|Any CPU
		{5391A892-651E-4E63-AB33-383B6B125845}.Release|Any CPU.ActiveCfg = Release|Any CPU
		{5391A892-651E-4E63-AB33-383B6B125845}.Release|Any CPU.Build.0 = Release|Any CPU
		{EF305E23-5062-4355-9CF9-69D0D5E02D60}.Debug|Any CPU.ActiveCfg = Debug|Any CPU
		{EF305E23-5062-4355-9CF9-69D0D5E02D60}.Debug|Any CPU.Build.0 = Debug|Any CPU
		{EF305E23-5062-4355-9CF9-69D0D5E02D60}.Release|Any CPU.ActiveCfg = Release|Any CPU
		{EF305E23-5062-4355-9CF9-69D0D5E02D60}.Release|Any CPU.Build.0 = Release|Any CPU
	EndGlobalSection
	GlobalSection(SolutionProperties) = preSolution
		HideSolutionNode = FALSE
	EndGlobalSection
	GlobalSection(ExtensibilityGlobals) = postSolution
		SolutionGuid = {585C4E52-1E0F-446B-8B95-C9A1D020F801}
	EndGlobalSection
EndGlobal
